<?xml version="1.0" encoding="utf-8"?>
<Project ToolsVersion="4.0" xmlns="http://schemas.microsoft.com/developer/msbuild/2003">
  <ItemGroup>
    <Filter Include="Source Files">
      <UniqueIdentifier>{4FC737F1-C7A5-4376-A066-2A32D752A2FF}</UniqueIdentifier>
      <Extensions>cpp;c;cc;cxx;def;odl;idl;hpj;bat;asm;asmx</Extensions>
    </Filter>
    <Filter Include="Header Files">
      <UniqueIdentifier>{93995380-89BD-4b04-88EB-625FBE52EBFB}</UniqueIdentifier>
      <Extensions>h;hpp;hxx;hm;inl;inc;xsd</Extensions>
    </Filter>
    <Filter Include="PCH">
      <UniqueIdentifier>{67DA6AB6-F800-4c08-8B7A-83BB121AAD01}</UniqueIdentifier>
      <Extensions>rc;ico;cur;bmp;dlg;rc2;rct;bin;rgs;gif;jpg;jpeg;jpe;resx;tiff;tif;png;wav;mfcribbon-ms</Extensions>
    </Filter>
    <Filter Include="Scenes">
      <UniqueIdentifier>{64ea24c7-f4f3-48a9-9a5b-f290bf44a08e}</UniqueIdentifier>
    </Filter>
    <Filter Include="Application">
      <UniqueIdentifier>{89964a52-bcf7-4aac-9e32-853faa6e209c}</UniqueIdentifier>
    </Filter>
    <Filter Include="Pong">
      <UniqueIdentifier>{bb66435d-8adf-4f82-9d9b-2c85392495aa}</UniqueIdentifier>
    </Filter>
    <Filter Include="Pong\Collision">
      <UniqueIdentifier>{d103df1e-48cc-4573-b677-58194f03809c}</UniqueIdentifier>
    </Filter>
    <Filter Include="Util">
      <UniqueIdentifier>{63ea87c7-d8f0-43b4-b495-fb379d884fe0}</UniqueIdentifier>
    </Filter>
    <Filter Include="Pong\GameObjects">
      <UniqueIdentifier>{2cf19410-a193-4a54-a0ac-beed63f3220e}</UniqueIdentifier>
    </Filter>
    <Filter Include="Rules&amp;Network">
      <UniqueIdentifier>{28a3c315-6f24-4526-b9ae-4436e05864d3}</UniqueIdentifier>
    </Filter>
    <Filter Include="Rules&amp;Network\GameRules">
      <UniqueIdentifier>{92d907e7-48b8-4f38-8924-94ff4f0e3595}</UniqueIdentifier>
    </Filter>
    <Filter Include="Rules&amp;Network\Messages">
      <UniqueIdentifier>{f175b760-4f10-474d-b24e-1da716cd2c7e}</UniqueIdentifier>
    </Filter>
    <Filter Include="Pong\Aiming">
      <UniqueIdentifier>{e8da0afc-0648-4ce6-b682-e353a671055e}</UniqueIdentifier>
    </Filter>
    <Filter Include="Pong\BounceEffect">
      <UniqueIdentifier>{953eaa13-6218-4def-9fd2-48cef5b7aeed}</UniqueIdentifier>
    </Filter>
    <Filter Include="Pong\Shapes">
      <UniqueIdentifier>{a3ac38a5-be4a-48ea-aedf-703f16d97e08}</UniqueIdentifier>
    </Filter>
  </ItemGroup>
  <ItemGroup>
    <ClCompile Include="main.cpp" />
    <ClCompile Include="pch.cpp">
      <Filter>PCH</Filter>
    </ClCompile>
    <ClCompile Include="TestScene.cpp">
      <Filter>Scenes</Filter>
    </ClCompile>
    <ClCompile Include="PongScene.cpp">
      <Filter>Scenes</Filter>
    </ClCompile>
    <ClCompile Include="Application.cpp">
      <Filter>Application</Filter>
    </ClCompile>
    <ClCompile Include="Scene.cpp">
      <Filter>Application</Filter>
    </ClCompile>
    <ClCompile Include="MenuScene.cpp">
      <Filter>Scenes</Filter>
    </ClCompile>
    <ClCompile Include="RacketProperties.cpp">
      <Filter>Pong</Filter>
    </ClCompile>
    <ClCompile Include="BallProperties.cpp">
      <Filter>Pong</Filter>
    </ClCompile>
    <ClCompile Include="CollisionResponse.cpp">
      <Filter>Pong\Collision</Filter>
    </ClCompile>
    <ClCompile Include="LinearResponse.cpp">
      <Filter>Pong\Collision</Filter>
    </ClCompile>
    <ClCompile Include="TestHapticCollisionScene.cpp">
      <Filter>Scenes</Filter>
    </ClCompile>
    <ClCompile Include="NetworkScene.cpp">
      <Filter>Scenes</Filter>
    </ClCompile>
    <ClCompile Include="GfxScene.cpp">
      <Filter>Scenes</Filter>
    </ClCompile>
    <ClCompile Include="Ball.cpp">
      <Filter>Pong\GameObjects</Filter>
    </ClCompile>
    <ClCompile Include="GameObject.cpp">
      <Filter>Pong\GameObjects</Filter>
    </ClCompile>
    <ClCompile Include="Racket.cpp">
      <Filter>Pong\GameObjects</Filter>
    </ClCompile>
    <ClCompile Include="Table.cpp">
      <Filter>Pong\GameObjects</Filter>
    </ClCompile>
    <ClCompile Include="CustomCamera.cpp">
      <Filter>Pong</Filter>
    </ClCompile>
    <ClCompile Include="Net.cpp">
      <Filter>Pong\GameObjects</Filter>
    </ClCompile>
    <ClCompile Include="HapticResponseManager.cpp">
      <Filter>Pong</Filter>
    </ClCompile>
    <ClCompile Include="BallEventManager.cpp">
      <Filter>Pong</Filter>
    </ClCompile>
    <ClCompile Include="GameRulesManager.cpp">
      <Filter>Rules&amp;Network</Filter>
    </ClCompile>
    <ClCompile Include="Score.cpp">
      <Filter>Rules&amp;Network</Filter>
    </ClCompile>
    <ClCompile Include="GameRules.cpp">
      <Filter>Rules&amp;Network\GameRules</Filter>
    </ClCompile>
    <ClCompile Include="SimpleCountGameRules.cpp">
      <Filter>Rules&amp;Network\GameRules</Filter>
    </ClCompile>
    <ClCompile Include="SoundPlayer.cpp">
      <Filter>Pong</Filter>
    </ClCompile>
    <ClCompile Include="LocalRulesManager.cpp">
      <Filter>Rules&amp;Network</Filter>
    </ClCompile>
    <ClCompile Include="Message.cpp">
      <Filter>Rules&amp;Network\Messages</Filter>
    </ClCompile>
    <ClCompile Include="Hello.cpp">
      <Filter>Rules&amp;Network\Messages</Filter>
    </ClCompile>
    <ClCompile Include="Welcome.cpp">
      <Filter>Rules&amp;Network\Messages</Filter>
    </ClCompile>
    <ClCompile Include="RemoteRulesManager.cpp">
      <Filter>Rules&amp;Network</Filter>
    </ClCompile>
    <ClCompile Include="UpdatePos.cpp">
      <Filter>Rules&amp;Network\Messages</Filter>
    </ClCompile>
    <ClCompile Include="StepTimer.cpp">
      <Filter>Util</Filter>
    </ClCompile>
    <ClCompile Include="BallEvent.cpp">
      <Filter>Rules&amp;Network\Messages</Filter>
    </ClCompile>
    <ClCompile Include="Outside.cpp">
      <Filter>Pong\GameObjects</Filter>
    </ClCompile>
    <ClCompile Include="BallState.cpp">
      <Filter>Rules&amp;Network\Messages</Filter>
    </ClCompile>
    <ClCompile Include="AimAssistance.cpp">
      <Filter>Pong\Aiming</Filter>
    </ClCompile>
    <ClCompile Include="GlobalMoveAssistance.cpp">
      <Filter>Pong\Aiming</Filter>
    </ClCompile>
    <ClCompile Include="MetaGameInfo.cpp">
      <Filter>Rules&amp;Network\Messages</Filter>
    </ClCompile>
    <ClCompile Include="IgnoreEverythingRules.cpp">
      <Filter>Rules&amp;Network\GameRules</Filter>
    </ClCompile>
    <ClCompile Include="BounceEffectPool.cpp">
      <Filter>Pong\BounceEffect</Filter>
    </ClCompile>
    <ClCompile Include="BounceEffect.cpp">
      <Filter>Pong\BounceEffect</Filter>
    </ClCompile>
    <ClCompile Include="ShadowlessCylinder.cpp">
      <Filter>Pong\Shapes</Filter>
    </ClCompile>
    <ClCompile Include="ShadowlessMesh.cpp">
      <Filter>Pong\Shapes</Filter>
    </ClCompile>
    <ClCompile Include="ShadowlessSphere.cpp">
      <Filter>Pong\Shapes</Filter>
    </ClCompile>
    <ClCompile Include="ShadowSphere.cpp">
      <Filter>Pong\Shapes</Filter>
    </ClCompile>
    <ClCompile Include="CustomSphere.cpp">
      <Filter>Pong\Shapes</Filter>
    </ClCompile>
    <ClCompile Include="CustomWorld.cpp">
      <Filter>Pong\Shapes</Filter>
    </ClCompile>
    <ClCompile Include="NoRecieveShadowMesh.cpp">
      <Filter>Pong\Shapes</Filter>
    </ClCompile>
  </ItemGroup>
  <ItemGroup>
    <ClInclude Include="pch.h">
      <Filter>PCH</Filter>
    </ClInclude>
    <ClInclude Include="MenuScene.h">
      <Filter>Scenes</Filter>
    </ClInclude>
    <ClInclude Include="PongScene.h">
      <Filter>Scenes</Filter>
    </ClInclude>
    <ClInclude Include="Scene.h">
      <Filter>Application</Filter>
    </ClInclude>
    <ClInclude Include="Application.h">
      <Filter>Application</Filter>
    </ClInclude>
    <ClInclude Include="TestScene.h">
      <Filter>Scenes</Filter>
    </ClInclude>
    <ClInclude Include="RacketProperties.h">
      <Filter>Pong</Filter>
    </ClInclude>
    <ClInclude Include="BallProperties.h">
      <Filter>Pong</Filter>
    </ClInclude>
    <ClInclude Include="CollisionResponse.h">
      <Filter>Pong\Collision</Filter>
    </ClInclude>
    <ClInclude Include="LinearResponse.h">
      <Filter>Pong\Collision</Filter>
    </ClInclude>
    <ClInclude Include="TestHapticCollisionScene.h">
      <Filter>Scenes</Filter>
    </ClInclude>
    <ClInclude Include="NetworkScene.h">
      <Filter>Scenes</Filter>
    </ClInclude>
    <ClInclude Include="Util.h">
      <Filter>Util</Filter>
    </ClInclude>
    <ClInclude Include="GfxScene.h">
      <Filter>Scenes</Filter>
    </ClInclude>
    <ClInclude Include="Ball.h">
      <Filter>Pong\GameObjects</Filter>
    </ClInclude>
    <ClInclude Include="GameObject.h">
      <Filter>Pong\GameObjects</Filter>
    </ClInclude>
    <ClInclude Include="Racket.h">
      <Filter>Pong\GameObjects</Filter>
    </ClInclude>
    <ClInclude Include="Table.h">
      <Filter>Pong\GameObjects</Filter>
    </ClInclude>
    <ClInclude Include="GameObjectType.h">
      <Filter>Pong\GameObjects</Filter>
    </ClInclude>
    <ClInclude Include="CustomCamera.h">
      <Filter>Pong</Filter>
    </ClInclude>
    <ClInclude Include="Net.h">
      <Filter>Pong\GameObjects</Filter>
    </ClInclude>
    <ClInclude Include="HapticResponseManager.h">
      <Filter>Pong</Filter>
    </ClInclude>
    <ClInclude Include="BallEventManager.h">
      <Filter>Pong</Filter>
    </ClInclude>
    <ClInclude Include="GameRulesManager.h">
      <Filter>Rules&amp;Network</Filter>
    </ClInclude>
    <ClInclude Include="Score.h">
      <Filter>Rules&amp;Network</Filter>
    </ClInclude>
    <ClInclude Include="GameRules.h">
      <Filter>Rules&amp;Network\GameRules</Filter>
    </ClInclude>
    <ClInclude Include="SimpleCountGameRules.h">
      <Filter>Rules&amp;Network\GameRules</Filter>
    </ClInclude>
    <ClInclude Include="PlayerId.h">
      <Filter>Rules&amp;Network</Filter>
    </ClInclude>
    <ClInclude Include="SoundPlayer.h">
      <Filter>Pong</Filter>
    </ClInclude>
    <ClInclude Include="LocalRulesManager.h">
      <Filter>Rules&amp;Network</Filter>
    </ClInclude>
    <ClInclude Include="Message.h">
      <Filter>Rules&amp;Network\Messages</Filter>
    </ClInclude>
    <ClInclude Include="Hello.h">
      <Filter>Rules&amp;Network\Messages</Filter>
    </ClInclude>
    <ClInclude Include="Welcome.h">
      <Filter>Rules&amp;Network\Messages</Filter>
    </ClInclude>
    <ClInclude Include="RemoteRulesManager.h">
      <Filter>Rules&amp;Network</Filter>
    </ClInclude>
    <ClInclude Include="UpdatePos.h">
      <Filter>Rules&amp;Network\Messages</Filter>
    </ClInclude>
    <ClInclude Include="StepTimer.h">
      <Filter>Util</Filter>
    </ClInclude>
    <ClInclude Include="BallEvent.h">
      <Filter>Rules&amp;Network\Messages</Filter>
    </ClInclude>
    <ClInclude Include="Outside.h">
      <Filter>Pong\GameObjects</Filter>
    </ClInclude>
    <ClInclude Include="BallState.h">
      <Filter>Rules&amp;Network\Messages</Filter>
    </ClInclude>
    <ClInclude Include="AimAssistance.h">
      <Filter>Pong\Aiming</Filter>
    </ClInclude>
    <ClInclude Include="GlobalMoveAssistance.h">
      <Filter>Pong\Aiming</Filter>
    </ClInclude>
    <ClInclude Include="MetaGameInfo.h">
      <Filter>Rules&amp;Network\Messages</Filter>
    </ClInclude>
    <ClInclude Include="IgnoreEverythingRules.h">
      <Filter>Rules&amp;Network\GameRules</Filter>
    </ClInclude>
    <ClInclude Include="BounceEffectPool.h">
      <Filter>Pong\BounceEffect</Filter>
    </ClInclude>
    <ClInclude Include="BounceEffect.h">
      <Filter>Pong\BounceEffect</Filter>
    </ClInclude>
    <ClInclude Include="ShadowlessCylinder.h">
      <Filter>Pong\Shapes</Filter>
    </ClInclude>
    <ClInclude Include="ShadowlessMesh.h">
      <Filter>Pong\Shapes</Filter>
    </ClInclude>
    <ClInclude Include="ShadowlessSphere.h">
      <Filter>Pong\Shapes</Filter>
    </ClInclude>
    <ClInclude Include="ShadowSphere.h">
      <Filter>Pong\Shapes</Filter>
    </ClInclude>
    <ClInclude Include="CustomSphere.h">
      <Filter>Pong\Shapes</Filter>
    </ClInclude>
    <ClInclude Include="CustomWorld.h">
      <Filter>Pong\Shapes</Filter>
    </ClInclude>
    <ClInclude Include="NoRecieveShadowMesh.h">
      <Filter>Pong\Shapes</Filter>
    </ClInclude>
  </ItemGroup>
</Project>